// !$*UTF8*$!
{
	archiveVersion = 1;
	classes = {
	};
	objectVersion = 50;
	objects = {

/* Begin PBXBuildFile section */
		03597BF02369D3A400A8C2A2 /* AppDelegate.swift in Sources */ = {isa = PBXBuildFile; fileRef = 03597BEF2369D3A400A8C2A2 /* AppDelegate.swift */; };
		03597BF22369D3A400A8C2A2 /* SceneDelegate.swift in Sources */ = {isa = PBXBuildFile; fileRef = 03597BF12369D3A400A8C2A2 /* SceneDelegate.swift */; };
		03597BF42369D3A400A8C2A2 /* ContentView.swift in Sources */ = {isa = PBXBuildFile; fileRef = 03597BF32369D3A400A8C2A2 /* ContentView.swift */; };
		03597BF62369D3A500A8C2A2 /* Assets.xcassets in Resources */ = {isa = PBXBuildFile; fileRef = 03597BF52369D3A500A8C2A2 /* Assets.xcassets */; };
		03597BF92369D3A500A8C2A2 /* Preview Assets.xcassets in Resources */ = {isa = PBXBuildFile; fileRef = 03597BF82369D3A500A8C2A2 /* Preview Assets.xcassets */; };
		03597BFC2369D3A500A8C2A2 /* LaunchScreen.storyboard in Resources */ = {isa = PBXBuildFile; fileRef = 03597BFA2369D3A500A8C2A2 /* LaunchScreen.storyboard */; };
/* End PBXBuildFile section */

/* Begin PBXFileReference section */
		03597BEC2369D3A400A8C2A2 /* Project3.3_How_to_create_a_tappable_button.app */ = {isa = PBXFileReference; explicitFileType = wrapper.application; includeInIndex = 0; path = Project3.3_How_to_create_a_tappable_button.app; sourceTree = BUILT_PRODUCTS_DIR; };
		03597BEF2369D3A400A8C2A2 /* AppDelegate.swift */ = {isa = PBXFileReference; lastKnownFileType = sourcecode.swift; path = AppDelegate.swift; sourceTree = "<group>"; };
		03597BF12369D3A400A8C2A2 /* SceneDelegate.swift */ = {isa = PBXFileReference; lastKnownFileType = sourcecode.swift; path = SceneDelegate.swift; sourceTree = "<group>"; };
		03597BF32369D3A400A8C2A2 /* ContentView.swift */ = {isa = PBXFileReference; lastKnownFileType = sourcecode.swift; path = ContentView.swift; sourceTree = "<group>"; };
		03597BF52369D3A500A8C2A2 /* Assets.xcassets */ = {isa = PBXFileReference; lastKnownFileType = folder.assetcatalog; path = Assets.xcassets; sourceTree = "<group>"; };
		03597BF82369D3A500A8C2A2 /* Preview Assets.xcassets */ = {isa = PBXFileReference; lastKnownFileType = folder.assetcatalog; path = "Preview Assets.xcassets"; sourceTree = "<group>"; };
		03597BFB2369D3A500A8C2A2 /* Base */ = {isa = PBXFileReference; lastKnownFileType = file.storyboard; name = Base; path = Base.lproj/LaunchScreen.storyboard; sourceTree = "<group>"; };
		03597BFD2369D3A500A8C2A2 /* Info.plist */ = {isa = PBXFileReference; lastKnownFileType = text.plist.xml; path = Info.plist; sourceTree = "<group>"; };
/* End PBXFileReference section */

/* Begin PBXFrameworksBuildPhase section */
		03597BE92369D3A400A8C2A2 /* Frameworks */ = {
			isa = PBXFrameworksBuildPhase;
			buildActionMask = 2147483647;
			files = (
			);
			runOnlyForDeploymentPostprocessing = 0;
		};
/* End PBXFrameworksBuildPhase section */

/* Begin PBXGroup section */
		03597BE32369D3A400A8C2A2 = {
			isa = PBXGroup;
			children = (
				03597BEE2369D3A400A8C2A2 /* Project3.3_How_to_create_a_tappable_button */,
				03597BED2369D3A400A8C2A2 /* Products */,
			);
			sourceTree = "<group>";
		};
		03597BED2369D3A400A8C2A2 /* Products */ = {
			isa = PBXGroup;
			children = (
				03597BEC2369D3A400A8C2A2 /* Project3.3_How_to_create_a_tappable_button.app */,
			);
			name = Products;
			sourceTree = "<group>";
		};
		03597BEE2369D3A400A8C2A2 /* Project3.3_How_to_create_a_tappable_button */ = {
			isa = PBXGroup;
			children = (
				03597BEF2369D3A400A8C2A2 /* AppDelegate.swift */,
				03597BF12369D3A400A8C2A2 /* SceneDelegate.swift */,
				03597BF32369D3A400A8C2A2 /* ContentView.swift */,
				03597BF52369D3A500A8C2A2 /* Assets.xcassets */,
				03597BFA2369D3A500A8C2A2 /* LaunchScreen.storyboard */,
				03597BFD2369D3A500A8C2A2 /* Info.plist */,
				03597BF72369D3A500A8C2A2 /* Preview Content */,
			);
			path = Project3.3_How_to_create_a_tappable_button;
			sourceTree = "<group>";
		};
		03597BF72369D3A500A8C2A2 /* Preview Content */ = {
			isa = PBXGroup;
			children = (
				03597BF82369D3A500A8C2A2 /* Preview Assets.xcassets */,
			);
			path = "Preview Content";
			sourceTree = "<group>";
		};
/* End PBXGroup section */

/* Begin PBXNativeTarget section */
		03597BEB2369D3A400A8C2A2 /* Project3.3_How_to_create_a_tappable_button */ = {
			isa = PBXNativeTarget;
			buildConfigurationList = 03597C002369D3A500A8C2A2 /* Build configuration list for PBXNativeTarget "Project3.3_How_to_create_a_tappable_button" */;
			buildPhases = (
				03597BE82369D3A400A8C2A2 /* Sources */,
				03597BE92369D3A400A8C2A2 /* Frameworks */,
				03597BEA2369D3A400A8C2A2 /* Resources */,
			);
			buildRules = (
			);
			dependencies = (
			);
			name = Project3.3_How_to_create_a_tappable_button;
			productName = Project3.3_How_to_create_a_tappable_button;
			productReference = 03597BEC2369D3A400A8C2A2 /* Project3.3_How_to_create_a_tappable_button.app */;
			productType = "com.apple.product-type.application";
		};
/* End PBXNativeTarget section */

/* Begin PBXProject section */
		03597BE42369D3A400A8C2A2 /* Project object */ = {
			isa = PBXProject;
			attributes = {
				LastSwiftUpdateCheck = 1110;
				LastUpgradeCheck = 1110;
				ORGANIZATIONNAME = "Devin X D LI";
				TargetAttributes = {
					03597BEB2369D3A400A8C2A2 = {
						CreatedOnToolsVersion = 11.1;
					};
				};
			};
			buildConfigurationList = 03597BE72369D3A400A8C2A2 /* Build configuration list for PBXProject "Project3.3_How_to_create_a_tappable_button" */;
			compatibilityVersion = "Xcode 9.3";
			developmentRegion = en;
			hasScannedForEncodings = 0;
			knownRegions = (
				en,
				Base,
			);
			mainGroup = 03597BE32369D3A400A8C2A2;
			productRefGroup = 03597BED2369D3A400A8C2A2 /* Products */;
			projectDirPath = "";
			projectRoot = "";
			targets = (
				03597BEB2369D3A400A8C2A2 /* Project3.3_How_to_create_a_tappable_button */,
			);
		};
/* End PBXProject section */

/* Begin PBXResourcesBuildPhase section */
		03597BEA2369D3A400A8C2A2 /* Resources */ = {
			isa = PBXResourcesBuildPhase;
			buildActionMask = 2147483647;
			files = (
				03597BFC2369D3A500A8C2A2 /* LaunchScreen.storyboard in Resources */,
				03597BF92369D3A500A8C2A2 /* Preview Assets.xcassets in Resources */,
				03597BF62369D3A500A8C2A2 /* Assets.xcassets in Resources */,
			);
			runOnlyForDeploymentPostprocessing = 0;
		};
/* End PBXResourcesBuildPhase section */

/* Begin PBXSourcesBuildPhase section */
		03597BE82369D3A400A8C2A2 /* Sources */ = {
			isa = PBXSourcesBuildPhase;
			buildActionMask = 2147483647;
			files = (
				03597BF02369D3A400A8C2A2 /* AppDelegate.swift in Sources */,
				03597BF22369D3A400A8C2A2 /* SceneDelegate.swift in Sources */,
				03597BF42369D3A400A8C2A2 /* ContentView.swift in Sources */,
			);
			runOnlyForDeploymentPostprocessing = 0;
		};
/* End PBXSourcesBuildPhase section */

/* Begin PBXVariantGroup section */
		03597BFA2369D3A500A8C2A2 /* LaunchScreen.storyboard */ = {
			isa = PBXVariantGroup;
			children = (
				03597BFB2369D3A500A8C2A2 /* Base */,
			);
			name = LaunchScreen.storyboard;
			sourceTree = "<group>";
		};
/* End PBXVariantGroup section */

/* Begin XCBuildConfiguration section */
		03597BFE2369D3A500A8C2A2 /* Debug */ = {
			isa = XCBuildConfiguration;
			buildSettings = {
				ALWAYS_SEARCH_USER_PATHS = NO;
				CLANG_ANALYZER_NONNULL = YES;
				CLANG_ANALYZER_NUMBER_OBJECT_CONVERSION = YES_AGGRESSIVE;
				CLANG_CXX_LANGUAGE_STANDARD = "gnu++14";
				CLANG_CXX_LIBRARY = "libc++";
				CLANG_ENABLE_MODULES = YES;
				CLANG_ENABLE_OBJC_ARC = YES;
				CLANG_ENABLE_OBJC_WEAK = YES;
				CLANG_WARN_BLOCK_CAPTURE_AUTORELEASING = YES;
				CLANG_WARN_BOOL_CONVERSION = YES;
				CLANG_WARN_COMMA = YES;
				CLANG_WARN_CONSTANT_CONVERSION = YES;
				CLANG_WARN_DEPRECATED_OBJC_IMPLEMENTATIONS = YES;
				CLANG_WARN_DIRECT_OBJC_ISA_USAGE = YES_ERROR;
				CLANG_WARN_DOCUMENTATION_COMMENTS = YES;
				CLANG_WARN_EMPTY_BODY = YES;
				CLANG_WARN_ENUM_CONVERSION = YES;
				CLANG_WARN_INFINITE_RECURSION = YES;
				CLANG_WARN_INT_CONVERSION = YES;
				CLANG_WARN_NON_LITERAL_NULL_CONVERSION = YES;
				CLANG_WARN_OBJC_IMPLICIT_RETAIN_SELF = YES;
				CLANG_WARN_OBJC_LITERAL_CONVERSION = YES;
				CLANG_WARN_OBJC_ROOT_CLASS = YES_ERROR;
				CLANG_WARN_RANGE_LOOP_ANALYSIS = YES;
				CLANG_WARN_STRICT_PROTOTYPES = YES;
				CLANG_WARN_SUSPICIOUS_MOVE = YES;
				CLANG_WARN_UNGUARDED_AVAILABILITY = YES_AGGRESSIVE;
				CLANG_WARN_UNREACHABLE_CODE = YES;
				CLANG_WARN__DUPLICATE_METHOD_MATCH = YES;
				COPY_PHASE_STRIP = NO;
				DEBUG_INFORMATION_FORMAT = dwarf;
				ENABLE_STRICT_OBJC_MSGSEND = YES;
				ENABLE_TESTABILITY = YES;
				GCC_C_LANGUAGE_STANDARD = gnu11;
				GCC_DYNAMIC_NO_PIC = NO;
				GCC_NO_COMMON_BLOCKS = YES;
				GCC_OPTIMIZATION_LEVEL = 0;
				GCC_PREPROCESSOR_DEFINITIONS = (
					"DEBUG=1",
					"$(inherited)",
				);
				GCC_WARN_64_TO_32_BIT_CONVERSION = YES;
				GCC_WARN_ABOUT_RETURN_TYPE = YES_ERROR;
				GCC_WARN_UNDECLARED_SELECTOR = YES;
				GCC_WARN_UNINITIALIZED_AUTOS = YES_AGGRESSIVE;
				GCC_WARN_UNUSED_FUNCTION = YES;
				GCC_WARN_UNUSED_VARIABLE = YES;
				IPHONEOS_DEPLOYMENT_TARGET = 13.1;
				MTL_ENABLE_DEBUG_INFO = INCLUDE_SOURCE;
				MTL_FAST_MATH = YES;
				ONLY_ACTIVE_ARCH = YES;
				SDKROOT = iphoneos;
				SWIFT_ACTIVE_COMPILATION_CONDITIONS = DEBUG;
				SWIFT_OPTIMIZATION_LEVEL = "-Onone";
			};
			name = Debug;
		};
		03597BFF2369D3A500A8C2A2 /* Release */ = {
			isa = XCBuildConfiguration;
			buildSettings = {
				ALWAYS_SEARCH_USER_PATHS = NO;
				CLANG_ANALYZER_NONNULL = YES;
				CLANG_ANALYZER_NUMBER_OBJECT_CONVERSION = YES_AGGRESSIVE;
				CLANG_CXX_LANGUAGE_STANDARD = "gnu++14";
				CLANG_CXX_LIBRARY = "libc++";
				CLANG_ENABLE_MODULES = YES;
				CLANG_ENABLE_OBJC_ARC = YES;
				CLANG_ENABLE_OBJC_WEAK = YES;
				CLANG_WARN_BLOCK_CAPTURE_AUTORELEASING = YES;
				CLANG_WARN_BOOL_CONVERSION = YES;
				CLANG_WARN_COMMA = YES;
				CLANG_WARN_CONSTANT_CONVERSION = YES;
				CLANG_WARN_DEPRECATED_OBJC_IMPLEMENTATIONS = YES;
				CLANG_WARN_DIRECT_OBJC_ISA_USAGE = YES_ERROR;
				CLANG_WARN_DOCUMENTATION_COMMENTS = YES;
				CLANG_WARN_EMPTY_BODY = YES;
				CLANG_WARN_ENUM_CONVERSION = YES;
				CLANG_WARN_INFINITE_RECURSION = YES;
				CLANG_WARN_INT_CONVERSION = YES;
				CLANG_WARN_NON_LITERAL_NULL_CONVERSION = YES;
				CLANG_WARN_OBJC_IMPLICIT_RETAIN_SELF = YES;
				CLANG_WARN_OBJC_LITERAL_CONVERSION = YES;
				CLANG_WARN_OBJC_ROOT_CLASS = YES_ERROR;
				CLANG_WARN_RANGE_LOOP_ANALYSIS = YES;
				CLANG_WARN_STRICT_PROTOTYPES = YES;
				CLANG_WARN_SUSPICIOUS_MOVE = YES;
				CLANG_WARN_UNGUARDED_AVAILABILITY = YES_AGGRESSIVE;
				CLANG_WARN_UNREACHABLE_CODE = YES;
				CLANG_WARN__DUPLICATE_METHOD_MATCH = YES;
				COPY_PHASE_STRIP = NO;
				DEBUG_INFORMATION_FORMAT = "dwarf-with-dsym";
				ENABLE_NS_ASSERTIONS = NO;
				ENABLE_STRICT_OBJC_MSGSEND = YES;
				GCC_C_LANGUAGE_STANDARD = gnu11;
				GCC_NO_COMMON_BLOCKS = YES;
				GCC_WARN_64_TO_32_BIT_CONVERSION = YES;
				GCC_WARN_ABOUT_RETURN_TYPE = YES_ERROR;
				GCC_WARN_UNDECLARED_SELECTOR = YES;
				GCC_WARN_UNINITIALIZED_AUTOS = YES_AGGRESSIVE;
				GCC_WARN_UNUSED_FUNCTION = YES;
				GCC_WARN_UNUSED_VARIABLE = YES;
				IPHONEOS_DEPLOYMENT_TARGET = 13.1;
				MTL_ENABLE_DEBUG_INFO = NO;
				MTL_FAST_MATH = YES;
				SDKROOT = iphoneos;
				SWIFT_COMPILATION_MODE = wholemodule;
				SWIFT_OPTIMIZATION_LEVEL = "-O";
				VALIDATE_PRODUCT = YES;
			};
			name = Release;
		};
		03597C012369D3A500A8C2A2 /* Debug */ = {
			isa = XCBuildConfiguration;
			buildSettings = {
				ASSETCATALOG_COMPILER_APPICON_NAME = AppIcon;
				CODE_SIGN_STYLE = Automatic;
				DEVELOPMENT_ASSET_PATHS = "\"Project3.3_How_to_create_a_tappable_button/Preview Content\"";
				DEVELOPMENT_TEAM = N3C6Z5X3K8;
				ENABLE_PREVIEWS = YES;
				INFOPLIST_FILE = Project3.3_How_to_create_a_tappable_button/Info.plist;
				LD_RUNPATH_SEARCH_PATHS = (
					"$(inherited)",
					"@executable_path/Frameworks",
				);
				PRODUCT_BUNDLE_IDENTIFIER = "com.dev.Project3-3-How-to-create-a-tappable-button";
				PRODUCT_NAME = "$(TARGET_NAME)";
				SWIFT_VERSION = 5.0;
				TARGETED_DEVICE_FAMILY = "1,2";
			};
			name = Debug;
		};
		03597C022369D3A500A8C2A2 /* Release */ = {
			isa = XCBuildConfiguration;
			buildSettings = {
				ASSETCATALOG_COMPILER_APPICON_NAME = AppIcon;
				CODE_SIGN_STYLE = Automatic;
				DEVELOPMENT_ASSET_PATHS = "\"Project3.3_How_to_create_a_tappable_button/Preview Content\"";
				DEVELOPMENT_TEAM = N3C6Z5X3K8;
				ENABLE_PREVIEWS = YES;
				INFOPLIST_FILE = Project3.3_How_to_create_a_tappable_button/Info.plist;
				LD_RUNPATH_SEARCH_PATHS = (
					"$(inherited)",
					"@executable_path/Frameworks",
				);
				PRODUCT_BUNDLE_IDENTIFIER = "com.dev.Project3-3-How-to-create-a-tappable-button";
				PRODUCT_NAME = "$(TARGET_NAME)";
				SWIFT_VERSION = 5.0;
				TARGETED_DEVICE_FAMILY = "1,2";
			};
			name = Release;
		};
/* End XCBuildConfiguration section */

/* Begin XCConfigurationList section */
		03597BE72369D3A400A8C2A2 /* Build configuration list for PBXProject "Project3.3_How_to_create_a_tappable_button" */ = {
			isa = XCConfigurationList;
			buildConfigurations = (
				03597BFE2369D3A500A8C2A2 /* Debug */,
				03597BFF2369D3A500A8C2A2 /* Release */,
			);
			defaultConfigurationIsVisible = 0;
			defaultConfigurationName = Release;
		};
		03597C002369D3A500A8C2A2 /* Build configuration list for PBXNativeTarget "Project3.3_How_to_create_a_tappable_button" */ = {
			isa = XCConfigurationList;
			buildConfigurations = (
				03597C012369D3A500A8C2A2 /* Debug */,
				03597C022369D3A500A8C2A2 /* Release */,
			);
			defaultConfigurationIsVisible = 0;
			defaultConfigurationName = Release;
		};
/* End XCConfigurationList section */
	};
	rootObject = 03597BE42369D3A400A8C2A2 /* Project object */;
}
